
Microsoft Visual Studio Solution File, Format Version 12.00
# Visual Studio Version 17
VisualStudioVersion = 17.6.33815.320
MinimumVisualStudioVersion = 10.0.40219.1
Project("{8BC9CEB8-8B4A-11D0-8D11-00A0C91BC942}") = "UnrealC++_Lecture1", "UnrealC++_Lecture1\UnrealC++_Lecture1.vcxproj", "{D547EE3C-E611-444C-85F5-4297C528C3BC}"
EndProject
Global
	GlobalSection(SolutionConfigurationPlatforms) = preSolution
		Debug|x64 = Debug|x64
		Debug|x86 = Debug|x86
		Release|x64 = Release|x64
		Release|x86 = Release|x86
	EndGlobalSection
	GlobalSection(ProjectConfigurationPlatforms) = postSolution
		{D547EE3C-E611-444C-85F5-4297C528C3BC}.Debug|x64.ActiveCfg = Debug|x64
		{D547EE3C-E611-444C-85F5-4297C528C3BC}.Debug|x64.Build.0 = Debug|x64
		{D547EE3C-E611-444C-85F5-4297C528C3BC}.Debug|x86.ActiveCfg = Debug|Win32
		{D547EE3C-E611-444C-85F5-4297C528C3BC}.Debug|x86.Build.0 = Debug|Win32
		{D547EE3C-E611-444C-85F5-4297C528C3BC}.Release|x64.ActiveCfg = Release|x64
		{D547EE3C-E611-444C-85F5-4297C528C3BC}.Release|x64.Build.0 = Release|x64
		{D547EE3C-E611-444C-85F5-4297C528C3BC}.Release|x86.ActiveCfg = Release|Win32
		{D547EE3C-E611-444C-85F5-4297C528C3BC}.Release|x86.Build.0 = Release|Win32
	EndGlobalSection
	GlobalSection(SolutionProperties) = preSolution
		HideSolutionNode = FALSE
	EndGlobalSection
	GlobalSection(ExtensibilityGlobals) = postSolution
		SolutionGuid = {3AE80C8D-D7E4-486B-9B59-81D42D413FE6}
	EndGlobalSection
EndGlobal
